
Microsoft Visual Studio Solution File, Format Version 12.00
Project("{FAE04EC0-301F-11D3-BF4B-00C04F79EFBC}") = "KarizmaShop.Application", "KarizmaShop.Application\KarizmaShop.Application.csproj", "{3C1DF9B4-A60D-4437-9C85-8049FB3C6E8D}"
EndProject
Project("{FAE04EC0-301F-11D3-BF4B-00C04F79EFBC}") = "KarizmaShop.Domain", "KarizmaShop.Domain\KarizmaShop.Domain.csproj", "{08A10411-04CE-42A0-BAFF-48FFC2439178}"
EndProject
Global
	GlobalSection(SolutionConfigurationPlatforms) = preSolution
		Debug|Any CPU = Debug|Any CPU
		Release|Any CPU = Release|Any CPU
	EndGlobalSection
	GlobalSection(ProjectConfigurationPlatforms) = postSolution
		{3C1DF9B4-A60D-4437-9C85-8049FB3C6E8D}.Debug|Any CPU.ActiveCfg = Debug|Any CPU
		{3C1DF9B4-A60D-4437-9C85-8049FB3C6E8D}.Debug|Any CPU.Build.0 = Debug|Any CPU
		{3C1DF9B4-A60D-4437-9C85-8049FB3C6E8D}.Release|Any CPU.ActiveCfg = Release|Any CPU
		{3C1DF9B4-A60D-4437-9C85-8049FB3C6E8D}.Release|Any CPU.Build.0 = Release|Any CPU
		{08A10411-04CE-42A0-BAFF-48FFC2439178}.Debug|Any CPU.ActiveCfg = Debug|Any CPU
		{08A10411-04CE-42A0-BAFF-48FFC2439178}.Debug|Any CPU.Build.0 = Debug|Any CPU
		{08A10411-04CE-42A0-BAFF-48FFC2439178}.Release|Any CPU.ActiveCfg = Release|Any CPU
		{08A10411-04CE-42A0-BAFF-48FFC2439178}.Release|Any CPU.Build.0 = Release|Any CPU
	EndGlobalSection
EndGlobal
